
Microsoft Visual Studio Solution File, Format Version 12.00
# Visual Studio 15
VisualStudioVersion = 15.0.26730.8
MinimumVisualStudioVersion = 10.0.40219.1
Project("{FAE04EC0-301F-11D3-BF4B-00C04F79EFBC}") = "WebAppLogin", "WebAppLogin\WebAppLogin.csproj", "{05368D98-F7FE-45CD-BFE6-1DAC3AC9EE0F}"
EndProject
Project("{9A19103F-16F7-4668-BE54-9A1E7A4F7556}") = "bd.webapplogin.entidades", "bd.webappth.entidades\bd.webapplogin.entidades.csproj", "{DC534205-6DF7-46A4-A743-B0C4B332CD5A}"
EndProject
Project("{9A19103F-16F7-4668-BE54-9A1E7A4F7556}") = "bd.webapplogin.servicios", "bd.webappth.servicios\bd.webapplogin.servicios.csproj", "{F9FE871D-9E3E-4DDE-8021-CC8F76343400}"
EndProject
Global
	GlobalSection(SolutionConfigurationPlatforms) = preSolution
		Debug|Any CPU = Debug|Any CPU
		Release|Any CPU = Release|Any CPU
	EndGlobalSection
	GlobalSection(ProjectConfigurationPlatforms) = postSolution
		{05368D98-F7FE-45CD-BFE6-1DAC3AC9EE0F}.Debug|Any CPU.ActiveCfg = Debug|Any CPU
		{05368D98-F7FE-45CD-BFE6-1DAC3AC9EE0F}.Debug|Any CPU.Build.0 = Debug|Any CPU
		{05368D98-F7FE-45CD-BFE6-1DAC3AC9EE0F}.Release|Any CPU.ActiveCfg = Release|Any CPU
		{05368D98-F7FE-45CD-BFE6-1DAC3AC9EE0F}.Release|Any CPU.Build.0 = Release|Any CPU
		{DC534205-6DF7-46A4-A743-B0C4B332CD5A}.Debug|Any CPU.ActiveCfg = Debug|Any CPU
		{DC534205-6DF7-46A4-A743-B0C4B332CD5A}.Debug|Any CPU.Build.0 = Debug|Any CPU
		{DC534205-6DF7-46A4-A743-B0C4B332CD5A}.Release|Any CPU.ActiveCfg = Release|Any CPU
		{DC534205-6DF7-46A4-A743-B0C4B332CD5A}.Release|Any CPU.Build.0 = Release|Any CPU
		{F9FE871D-9E3E-4DDE-8021-CC8F76343400}.Debug|Any CPU.ActiveCfg = Debug|Any CPU
		{F9FE871D-9E3E-4DDE-8021-CC8F76343400}.Debug|Any CPU.Build.0 = Debug|Any CPU
		{F9FE871D-9E3E-4DDE-8021-CC8F76343400}.Release|Any CPU.ActiveCfg = Release|Any CPU
		{F9FE871D-9E3E-4DDE-8021-CC8F76343400}.Release|Any CPU.Build.0 = Release|Any CPU
	EndGlobalSection
	GlobalSection(SolutionProperties) = preSolution
		HideSolutionNode = FALSE
	EndGlobalSection
	GlobalSection(ExtensibilityGlobals) = postSolution
		SolutionGuid = {39CBA95E-BC31-42F1-A8D5-DF87C43002F5}
	EndGlobalSection
EndGlobal
