
Microsoft Visual Studio Solution File, Format Version 12.00
# Visual Studio 15
VisualStudioVersion = 15.0.26730.8
MinimumVisualStudioVersion = 10.0.40219.1
Project("{9A19103F-16F7-4668-BE54-9A1E7A4F7556}") = "bd.webapplogin.entidades", "bd.webapplogin.entidades\bd.webapplogin.entidades.csproj", "{1C7C7B76-F581-4F79-B1AA-D4E4DA7F7C73}"
EndProject
Project("{9A19103F-16F7-4668-BE54-9A1E7A4F7556}") = "bd.webapplogin.servicios", "bd.webapplogin.servicios\bd.webapplogin.servicios.csproj", "{C5ACF22B-C422-4FF9-B3AA-4F142579C25D}"
EndProject
Project("{9A19103F-16F7-4668-BE54-9A1E7A4F7556}") = "bd.webapplogin.web", "bd.webapplogin.web\bd.webapplogin.web.csproj", "{A123168A-C010-49E6-BE90-FBAEA3845BDF}"
EndProject
Global
	GlobalSection(SolutionConfigurationPlatforms) = preSolution
		Debug|Any CPU = Debug|Any CPU
		Release|Any CPU = Release|Any CPU
	EndGlobalSection
	GlobalSection(ProjectConfigurationPlatforms) = postSolution
		{1C7C7B76-F581-4F79-B1AA-D4E4DA7F7C73}.Debug|Any CPU.ActiveCfg = Debug|Any CPU
		{1C7C7B76-F581-4F79-B1AA-D4E4DA7F7C73}.Debug|Any CPU.Build.0 = Debug|Any CPU
		{1C7C7B76-F581-4F79-B1AA-D4E4DA7F7C73}.Release|Any CPU.ActiveCfg = Release|Any CPU
		{1C7C7B76-F581-4F79-B1AA-D4E4DA7F7C73}.Release|Any CPU.Build.0 = Release|Any CPU
		{C5ACF22B-C422-4FF9-B3AA-4F142579C25D}.Debug|Any CPU.ActiveCfg = Debug|Any CPU
		{C5ACF22B-C422-4FF9-B3AA-4F142579C25D}.Debug|Any CPU.Build.0 = Debug|Any CPU
		{C5ACF22B-C422-4FF9-B3AA-4F142579C25D}.Release|Any CPU.ActiveCfg = Release|Any CPU
		{C5ACF22B-C422-4FF9-B3AA-4F142579C25D}.Release|Any CPU.Build.0 = Release|Any CPU
		{A123168A-C010-49E6-BE90-FBAEA3845BDF}.Debug|Any CPU.ActiveCfg = Debug|Any CPU
		{A123168A-C010-49E6-BE90-FBAEA3845BDF}.Debug|Any CPU.Build.0 = Debug|Any CPU
		{A123168A-C010-49E6-BE90-FBAEA3845BDF}.Release|Any CPU.ActiveCfg = Release|Any CPU
		{A123168A-C010-49E6-BE90-FBAEA3845BDF}.Release|Any CPU.Build.0 = Release|Any CPU
	EndGlobalSection
	GlobalSection(SolutionProperties) = preSolution
		HideSolutionNode = FALSE
	EndGlobalSection
	GlobalSection(ExtensibilityGlobals) = postSolution
		SolutionGuid = {CA0CDE49-20A8-4316-950C-64E11B652AEC}
	EndGlobalSection
EndGlobal
